// !$*UTF8*$!
{
	archiveVersion = 1;
	classes = {
	};
	objectVersion = 56;
	objects = {

/* Begin PBXBuildFile section */
		9309789029DDFE5700A77EA3 /* NDApp.swift in Sources */ = {isa = PBXBuildFile; fileRef = 9309788F29DDFE5700A77EA3 /* NDApp.swift */; };
		9309789229DDFE5700A77EA3 /* NDDocument.swift in Sources */ = {isa = PBXBuildFile; fileRef = 9309789129DDFE5700A77EA3 /* NDDocument.swift */; };
		9309789429DDFE5700A77EA3 /* NDNotebookView.swift in Sources */ = {isa = PBXBuildFile; fileRef = 9309789329DDFE5700A77EA3 /* NDNotebookView.swift */; };
		931CD4CE29E5E55600ED6C11 /* NDMarkdownEditorConfiguration.swift in Sources */ = {isa = PBXBuildFile; fileRef = 931CD4CD29E5E55600ED6C11 /* NDMarkdownEditorConfiguration.swift */; };
		933B10B029E485C900384996 /* NDSyntaxHighlightRule.swift in Sources */ = {isa = PBXBuildFile; fileRef = 933B10AF29E485C900384996 /* NDSyntaxHighlightRule.swift */; };
		933F57742A041A9700B02A99 /* MathJaxSwift in Frameworks */ = {isa = PBXBuildFile; productRef = 933F57732A041A9700B02A99 /* MathJaxSwift */; };
		933F57762A041AC600B02A99 /* NDTextLink.swift in Sources */ = {isa = PBXBuildFile; fileRef = 933F57752A041AC600B02A99 /* NDTextLink.swift */; };
		933F57812A04584E00B02A99 /* String+Extensions.swift in Sources */ = {isa = PBXBuildFile; fileRef = 933F57802A04584E00B02A99 /* String+Extensions.swift */; };
		933F57832A04607B00B02A99 /* NDPopovers.swift in Sources */ = {isa = PBXBuildFile; fileRef = 933F57822A04607B00B02A99 /* NDPopovers.swift */; };
		933F57852A0461F000B02A99 /* NDLatex.swift in Sources */ = {isa = PBXBuildFile; fileRef = 933F57842A0461F000B02A99 /* NDLatex.swift */; };
		934044FF2A0978A700442980 /* Credits.rtf in Resources */ = {isa = PBXBuildFile; fileRef = 934044FE2A0978A700442980 /* Credits.rtf */; };
		9340D9E829FAF4E00034FE7B /* NSRange+Extensions.swift in Sources */ = {isa = PBXBuildFile; fileRef = 9340D9E729FAF4E00034FE7B /* NSRange+Extensions.swift */; };
		935179422A0D9AC200EBDE3B /* NDEditorView.swift in Sources */ = {isa = PBXBuildFile; fileRef = 935179412A0D9AC200EBDE3B /* NDEditorView.swift */; };
		935179442A0D9BAD00EBDE3B /* NDEditorCoordinator.swift in Sources */ = {isa = PBXBuildFile; fileRef = 935179432A0D9BAD00EBDE3B /* NDEditorCoordinator.swift */; };
		935FA5B729E0EA8600027EAF /* Preview Assets.xcassets in Resources */ = {isa = PBXBuildFile; fileRef = 9309789829DDFE5700A77EA3 /* Preview Assets.xcassets */; };
		935FA5B829E0EA8800027EAF /* Assets.xcassets in Resources */ = {isa = PBXBuildFile; fileRef = 9309789529DDFE5700A77EA3 /* Assets.xcassets */; };
		93E9D4B029DE878900A7E9F4 /* NDTextView.swift in Sources */ = {isa = PBXBuildFile; fileRef = 93E9D4AF29DE878900A7E9F4 /* NDTextView.swift */; };
		93FFBC7E29EF6B6E007F8750 /* NDInputProcessing.swift in Sources */ = {isa = PBXBuildFile; fileRef = 93FFBC7D29EF6B6E007F8750 /* NDInputProcessing.swift */; };
		93FFBC8029EF6EDF007F8750 /* NSTextView+Extensions.swift in Sources */ = {isa = PBXBuildFile; fileRef = 93FFBC7F29EF6EDF007F8750 /* NSTextView+Extensions.swift */; };
/* End PBXBuildFile section */

/* Begin PBXFileReference section */
		9309788C29DDFE5700A77EA3 /* Notedown.app */ = {isa = PBXFileReference; explicitFileType = wrapper.application; includeInIndex = 0; path = Notedown.app; sourceTree = BUILT_PRODUCTS_DIR; };
		9309788F29DDFE5700A77EA3 /* NDApp.swift */ = {isa = PBXFileReference; lastKnownFileType = sourcecode.swift; path = NDApp.swift; sourceTree = "<group>"; };
		9309789129DDFE5700A77EA3 /* NDDocument.swift */ = {isa = PBXFileReference; lastKnownFileType = sourcecode.swift; path = NDDocument.swift; sourceTree = "<group>"; };
		9309789329DDFE5700A77EA3 /* NDNotebookView.swift */ = {isa = PBXFileReference; lastKnownFileType = sourcecode.swift; path = NDNotebookView.swift; sourceTree = "<group>"; };
		9309789529DDFE5700A77EA3 /* Assets.xcassets */ = {isa = PBXFileReference; lastKnownFileType = folder.assetcatalog; name = Assets.xcassets; path = Notedown/Assets.xcassets; sourceTree = SOURCE_ROOT; };
		9309789829DDFE5700A77EA3 /* Preview Assets.xcassets */ = {isa = PBXFileReference; lastKnownFileType = folder.assetcatalog; path = "Preview Assets.xcassets"; sourceTree = "<group>"; };
		9309789A29DDFE5700A77EA3 /* Info.plist */ = {isa = PBXFileReference; lastKnownFileType = text.plist.xml; path = Info.plist; sourceTree = "<group>"; };
		9309789B29DDFE5700A77EA3 /* Notedown.entitlements */ = {isa = PBXFileReference; lastKnownFileType = text.plist.entitlements; path = Notedown.entitlements; sourceTree = "<group>"; };
		931CD4CD29E5E55600ED6C11 /* NDMarkdownEditorConfiguration.swift */ = {isa = PBXFileReference; lastKnownFileType = sourcecode.swift; path = NDMarkdownEditorConfiguration.swift; sourceTree = "<group>"; };
		933B10AF29E485C900384996 /* NDSyntaxHighlightRule.swift */ = {isa = PBXFileReference; lastKnownFileType = sourcecode.swift; path = NDSyntaxHighlightRule.swift; sourceTree = "<group>"; };
		933F57752A041AC600B02A99 /* NDTextLink.swift */ = {isa = PBXFileReference; lastKnownFileType = sourcecode.swift; path = NDTextLink.swift; sourceTree = "<group>"; };
		933F57802A04584E00B02A99 /* String+Extensions.swift */ = {isa = PBXFileReference; lastKnownFileType = sourcecode.swift; path = "String+Extensions.swift"; sourceTree = "<group>"; };
		933F57822A04607B00B02A99 /* NDPopovers.swift */ = {isa = PBXFileReference; lastKnownFileType = sourcecode.swift; path = NDPopovers.swift; sourceTree = "<group>"; };
		933F57842A0461F000B02A99 /* NDLatex.swift */ = {isa = PBXFileReference; lastKnownFileType = sourcecode.swift; path = NDLatex.swift; sourceTree = "<group>"; };
		934044FE2A0978A700442980 /* Credits.rtf */ = {isa = PBXFileReference; lastKnownFileType = text.rtf; path = Credits.rtf; sourceTree = "<group>"; };
		9340D9E729FAF4E00034FE7B /* NSRange+Extensions.swift */ = {isa = PBXFileReference; lastKnownFileType = sourcecode.swift; path = "NSRange+Extensions.swift"; sourceTree = "<group>"; };
		935179412A0D9AC200EBDE3B /* NDEditorView.swift */ = {isa = PBXFileReference; lastKnownFileType = sourcecode.swift; path = NDEditorView.swift; sourceTree = "<group>"; };
		935179432A0D9BAD00EBDE3B /* NDEditorCoordinator.swift */ = {isa = PBXFileReference; lastKnownFileType = sourcecode.swift; path = NDEditorCoordinator.swift; sourceTree = "<group>"; };
		93E9D4AF29DE878900A7E9F4 /* NDTextView.swift */ = {isa = PBXFileReference; lastKnownFileType = sourcecode.swift; path = NDTextView.swift; sourceTree = "<group>"; };
		93FFBC7D29EF6B6E007F8750 /* NDInputProcessing.swift */ = {isa = PBXFileReference; lastKnownFileType = sourcecode.swift; path = NDInputProcessing.swift; sourceTree = "<group>"; };
		93FFBC7F29EF6EDF007F8750 /* NSTextView+Extensions.swift */ = {isa = PBXFileReference; lastKnownFileType = sourcecode.swift; path = "NSTextView+Extensions.swift"; sourceTree = "<group>"; };
/* End PBXFileReference section */

/* Begin PBXFrameworksBuildPhase section */
		9309788929DDFE5700A77EA3 /* Frameworks */ = {
			isa = PBXFrameworksBuildPhase;
			buildActionMask = 2147483647;
			files = (
				933F57742A041A9700B02A99 /* MathJaxSwift in Frameworks */,
			);
			runOnlyForDeploymentPostprocessing = 0;
		};
/* End PBXFrameworksBuildPhase section */

/* Begin PBXGroup section */
		9309788329DDFE5700A77EA3 = {
			isa = PBXGroup;
			children = (
				934044FE2A0978A700442980 /* Credits.rtf */,
				9309788E29DDFE5700A77EA3 /* Notedown */,
				9309788D29DDFE5700A77EA3 /* Products */,
			);
			sourceTree = "<group>";
		};
		9309788D29DDFE5700A77EA3 /* Products */ = {
			isa = PBXGroup;
			children = (
				9309788C29DDFE5700A77EA3 /* Notedown.app */,
			);
			name = Products;
			sourceTree = "<group>";
		};
		9309788E29DDFE5700A77EA3 /* Notedown */ = {
			isa = PBXGroup;
			children = (
				935179402A0D9A5800EBDE3B /* Extensions */,
				9351793E2A0D9A1500EBDE3B /* Documents */,
				9351793D2A0D9A0100EBDE3B /* Syntax */,
				9351793C2A0D99FC00EBDE3B /* Views */,
				9309788F29DDFE5700A77EA3 /* NDApp.swift */,
				9309789529DDFE5700A77EA3 /* Assets.xcassets */,
				9309789A29DDFE5700A77EA3 /* Info.plist */,
				9309789B29DDFE5700A77EA3 /* Notedown.entitlements */,
				9309789729DDFE5700A77EA3 /* Preview Content */,
			);
			path = Notedown;
			sourceTree = "<group>";
		};
		9309789729DDFE5700A77EA3 /* Preview Content */ = {
			isa = PBXGroup;
			children = (
				9309789829DDFE5700A77EA3 /* Preview Assets.xcassets */,
			);
			path = "Preview Content";
			sourceTree = "<group>";
		};
		9351793C2A0D99FC00EBDE3B /* Views */ = {
			isa = PBXGroup;
			children = (
				9309789329DDFE5700A77EA3 /* NDNotebookView.swift */,
				93E9D4AF29DE878900A7E9F4 /* NDTextView.swift */,
				933F57822A04607B00B02A99 /* NDPopovers.swift */,
				935179412A0D9AC200EBDE3B /* NDEditorView.swift */,
				935179432A0D9BAD00EBDE3B /* NDEditorCoordinator.swift */,
			);
			path = Views;
			sourceTree = "<group>";
		};
		9351793D2A0D9A0100EBDE3B /* Syntax */ = {
			isa = PBXGroup;
			children = (
				931CD4CD29E5E55600ED6C11 /* NDMarkdownEditorConfiguration.swift */,
				933B10AF29E485C900384996 /* NDSyntaxHighlightRule.swift */,
				93FFBC7D29EF6B6E007F8750 /* NDInputProcessing.swift */,
				933F57752A041AC600B02A99 /* NDTextLink.swift */,
				933F57842A0461F000B02A99 /* NDLatex.swift */,
			);
			path = Syntax;
			sourceTree = "<group>";
		};
		9351793E2A0D9A1500EBDE3B /* Documents */ = {
			isa = PBXGroup;
			children = (
				9309789129DDFE5700A77EA3 /* NDDocument.swift */,
			);
			path = Documents;
			sourceTree = "<group>";
		};
		935179402A0D9A5800EBDE3B /* Extensions */ = {
			isa = PBXGroup;
			children = (
				93FFBC7F29EF6EDF007F8750 /* NSTextView+Extensions.swift */,
				9340D9E729FAF4E00034FE7B /* NSRange+Extensions.swift */,
				933F57802A04584E00B02A99 /* String+Extensions.swift */,
			);
			path = Extensions;
			sourceTree = "<group>";
		};
/* End PBXGroup section */

/* Begin PBXNativeTarget section */
		9309788B29DDFE5700A77EA3 /* Notedown */ = {
			isa = PBXNativeTarget;
			buildConfigurationList = 9309789E29DDFE5700A77EA3 /* Build configuration list for PBXNativeTarget "Notedown" */;
			buildPhases = (
				9309788829DDFE5700A77EA3 /* Sources */,
				9309788929DDFE5700A77EA3 /* Frameworks */,
				9309788A29DDFE5700A77EA3 /* Resources */,
			);
			buildRules = (
			);
			dependencies = (
			);
			name = Notedown;
			packageProductDependencies = (
				933F57732A041A9700B02A99 /* MathJaxSwift */,
			);
			productName = Notedown;
			productReference = 9309788C29DDFE5700A77EA3 /* Notedown.app */;
			productType = "com.apple.product-type.application";
		};
/* End PBXNativeTarget section */

/* Begin PBXProject section */
		9309788429DDFE5700A77EA3 /* Project object */ = {
			isa = PBXProject;
			attributes = {
				BuildIndependentTargetsInParallel = 1;
				LastSwiftUpdateCheck = 1420;
				LastUpgradeCheck = 1420;
				TargetAttributes = {
					9309788B29DDFE5700A77EA3 = {
						CreatedOnToolsVersion = 14.2;
					};
				};
			};
			buildConfigurationList = 9309788729DDFE5700A77EA3 /* Build configuration list for PBXProject "Notedown" */;
			compatibilityVersion = "Xcode 14.0";
			developmentRegion = en;
			hasScannedForEncodings = 0;
			knownRegions = (
				en,
				Base,
			);
			mainGroup = 9309788329DDFE5700A77EA3;
			packageReferences = (
				933F57722A041A9700B02A99 /* XCRemoteSwiftPackageReference "MathJaxSwift" */,
			);
			productRefGroup = 9309788D29DDFE5700A77EA3 /* Products */;
			projectDirPath = "";
			projectRoot = "";
			targets = (
				9309788B29DDFE5700A77EA3 /* Notedown */,
			);
		};
/* End PBXProject section */

/* Begin PBXResourcesBuildPhase section */
		9309788A29DDFE5700A77EA3 /* Resources */ = {
			isa = PBXResourcesBuildPhase;
			buildActionMask = 2147483647;
			files = (
				935FA5B829E0EA8800027EAF /* Assets.xcassets in Resources */,
				934044FF2A0978A700442980 /* Credits.rtf in Resources */,
				935FA5B729E0EA8600027EAF /* Preview Assets.xcassets in Resources */,
			);
			runOnlyForDeploymentPostprocessing = 0;
		};
/* End PBXResourcesBuildPhase section */

/* Begin PBXSourcesBuildPhase section */
		9309788829DDFE5700A77EA3 /* Sources */ = {
			isa = PBXSourcesBuildPhase;
			buildActionMask = 2147483647;
			files = (
				9340D9E829FAF4E00034FE7B /* NSRange+Extensions.swift in Sources */,
				933F57812A04584E00B02A99 /* String+Extensions.swift in Sources */,
				931CD4CE29E5E55600ED6C11 /* NDMarkdownEditorConfiguration.swift in Sources */,
				933F57852A0461F000B02A99 /* NDLatex.swift in Sources */,
				933B10B029E485C900384996 /* NDSyntaxHighlightRule.swift in Sources */,
				93FFBC8029EF6EDF007F8750 /* NSTextView+Extensions.swift in Sources */,
				93FFBC7E29EF6B6E007F8750 /* NDInputProcessing.swift in Sources */,
				9309789229DDFE5700A77EA3 /* NDDocument.swift in Sources */,
				933F57832A04607B00B02A99 /* NDPopovers.swift in Sources */,
				933F57762A041AC600B02A99 /* NDTextLink.swift in Sources */,
				93E9D4B029DE878900A7E9F4 /* NDTextView.swift in Sources */,
				9309789029DDFE5700A77EA3 /* NDApp.swift in Sources */,
				9309789429DDFE5700A77EA3 /* NDNotebookView.swift in Sources */,
				935179442A0D9BAD00EBDE3B /* NDEditorCoordinator.swift in Sources */,
				935179422A0D9AC200EBDE3B /* NDEditorView.swift in Sources */,
			);
			runOnlyForDeploymentPostprocessing = 0;
		};
/* End PBXSourcesBuildPhase section */

/* Begin XCBuildConfiguration section */
		9309789C29DDFE5700A77EA3 /* Debug */ = {
			isa = XCBuildConfiguration;
			buildSettings = {
				ALWAYS_SEARCH_USER_PATHS = NO;
				CLANG_ANALYZER_NONNULL = YES;
				CLANG_ANALYZER_NUMBER_OBJECT_CONVERSION = YES_AGGRESSIVE;
				CLANG_CXX_LANGUAGE_STANDARD = "gnu++20";
				CLANG_ENABLE_MODULES = YES;
				CLANG_ENABLE_OBJC_ARC = YES;
				CLANG_ENABLE_OBJC_WEAK = YES;
				CLANG_WARN_BLOCK_CAPTURE_AUTORELEASING = YES;
				CLANG_WARN_BOOL_CONVERSION = YES;
				CLANG_WARN_COMMA = YES;
				CLANG_WARN_CONSTANT_CONVERSION = YES;
				CLANG_WARN_DEPRECATED_OBJC_IMPLEMENTATIONS = YES;
				CLANG_WARN_DIRECT_OBJC_ISA_USAGE = YES_ERROR;
				CLANG_WARN_DOCUMENTATION_COMMENTS = YES;
				CLANG_WARN_EMPTY_BODY = YES;
				CLANG_WARN_ENUM_CONVERSION = YES;
				CLANG_WARN_INFINITE_RECURSION = YES;
				CLANG_WARN_INT_CONVERSION = YES;
				CLANG_WARN_NON_LITERAL_NULL_CONVERSION = YES;
				CLANG_WARN_OBJC_IMPLICIT_RETAIN_SELF = YES;
				CLANG_WARN_OBJC_LITERAL_CONVERSION = YES;
				CLANG_WARN_OBJC_ROOT_CLASS = YES_ERROR;
				CLANG_WARN_QUOTED_INCLUDE_IN_FRAMEWORK_HEADER = YES;
				CLANG_WARN_RANGE_LOOP_ANALYSIS = YES;
				CLANG_WARN_STRICT_PROTOTYPES = YES;
				CLANG_WARN_SUSPICIOUS_MOVE = YES;
				CLANG_WARN_UNGUARDED_AVAILABILITY = YES_AGGRESSIVE;
				CLANG_WARN_UNREACHABLE_CODE = YES;
				CLANG_WARN__DUPLICATE_METHOD_MATCH = YES;
				COPY_PHASE_STRIP = NO;
				DEBUG_INFORMATION_FORMAT = dwarf;
				ENABLE_STRICT_OBJC_MSGSEND = YES;
				ENABLE_TESTABILITY = YES;
				GCC_C_LANGUAGE_STANDARD = gnu11;
				GCC_DYNAMIC_NO_PIC = NO;
				GCC_NO_COMMON_BLOCKS = YES;
				GCC_OPTIMIZATION_LEVEL = 0;
				GCC_PREPROCESSOR_DEFINITIONS = (
					"DEBUG=1",
					"$(inherited)",
				);
				GCC_WARN_64_TO_32_BIT_CONVERSION = YES;
				GCC_WARN_ABOUT_RETURN_TYPE = YES_ERROR;
				GCC_WARN_UNDECLARED_SELECTOR = YES;
				GCC_WARN_UNINITIALIZED_AUTOS = YES_AGGRESSIVE;
				GCC_WARN_UNUSED_FUNCTION = YES;
				GCC_WARN_UNUSED_VARIABLE = YES;
				MACOSX_DEPLOYMENT_TARGET = 13.1;
				MTL_ENABLE_DEBUG_INFO = INCLUDE_SOURCE;
				MTL_FAST_MATH = YES;
				ONLY_ACTIVE_ARCH = YES;
				SDKROOT = macosx;
				SWIFT_ACTIVE_COMPILATION_CONDITIONS = DEBUG;
				SWIFT_OPTIMIZATION_LEVEL = "-Onone";
			};
			name = Debug;
		};
		9309789D29DDFE5700A77EA3 /* Release */ = {
			isa = XCBuildConfiguration;
			buildSettings = {
				ALWAYS_SEARCH_USER_PATHS = NO;
				CLANG_ANALYZER_NONNULL = YES;
				CLANG_ANALYZER_NUMBER_OBJECT_CONVERSION = YES_AGGRESSIVE;
				CLANG_CXX_LANGUAGE_STANDARD = "gnu++20";
				CLANG_ENABLE_MODULES = YES;
				CLANG_ENABLE_OBJC_ARC = YES;
				CLANG_ENABLE_OBJC_WEAK = YES;
				CLANG_WARN_BLOCK_CAPTURE_AUTORELEASING = YES;
				CLANG_WARN_BOOL_CONVERSION = YES;
				CLANG_WARN_COMMA = YES;
				CLANG_WARN_CONSTANT_CONVERSION = YES;
				CLANG_WARN_DEPRECATED_OBJC_IMPLEMENTATIONS = YES;
				CLANG_WARN_DIRECT_OBJC_ISA_USAGE = YES_ERROR;
				CLANG_WARN_DOCUMENTATION_COMMENTS = YES;
				CLANG_WARN_EMPTY_BODY = YES;
				CLANG_WARN_ENUM_CONVERSION = YES;
				CLANG_WARN_INFINITE_RECURSION = YES;
				CLANG_WARN_INT_CONVERSION = YES;
				CLANG_WARN_NON_LITERAL_NULL_CONVERSION = YES;
				CLANG_WARN_OBJC_IMPLICIT_RETAIN_SELF = YES;
				CLANG_WARN_OBJC_LITERAL_CONVERSION = YES;
				CLANG_WARN_OBJC_ROOT_CLASS = YES_ERROR;
				CLANG_WARN_QUOTED_INCLUDE_IN_FRAMEWORK_HEADER = YES;
				CLANG_WARN_RANGE_LOOP_ANALYSIS = YES;
				CLANG_WARN_STRICT_PROTOTYPES = YES;
				CLANG_WARN_SUSPICIOUS_MOVE = YES;
				CLANG_WARN_UNGUARDED_AVAILABILITY = YES_AGGRESSIVE;
				CLANG_WARN_UNREACHABLE_CODE = YES;
				CLANG_WARN__DUPLICATE_METHOD_MATCH = YES;
				COPY_PHASE_STRIP = NO;
				DEBUG_INFORMATION_FORMAT = "dwarf-with-dsym";
				ENABLE_NS_ASSERTIONS = NO;
				ENABLE_STRICT_OBJC_MSGSEND = YES;
				GCC_C_LANGUAGE_STANDARD = gnu11;
				GCC_NO_COMMON_BLOCKS = YES;
				GCC_WARN_64_TO_32_BIT_CONVERSION = YES;
				GCC_WARN_ABOUT_RETURN_TYPE = YES_ERROR;
				GCC_WARN_UNDECLARED_SELECTOR = YES;
				GCC_WARN_UNINITIALIZED_AUTOS = YES_AGGRESSIVE;
				GCC_WARN_UNUSED_FUNCTION = YES;
				GCC_WARN_UNUSED_VARIABLE = YES;
				MACOSX_DEPLOYMENT_TARGET = 13.1;
				MTL_ENABLE_DEBUG_INFO = NO;
				MTL_FAST_MATH = YES;
				SDKROOT = macosx;
				SWIFT_COMPILATION_MODE = wholemodule;
				SWIFT_OPTIMIZATION_LEVEL = "-O";
			};
			name = Release;
		};
		9309789F29DDFE5700A77EA3 /* Debug */ = {
			isa = XCBuildConfiguration;
			buildSettings = {
				ASSETCATALOG_COMPILER_APPICON_NAME = AppIcon;
				"ASSETCATALOG_COMPILER_APPICON_NAME[sdk=macosx*]" = AppIcon;
				ASSETCATALOG_COMPILER_GLOBAL_ACCENT_COLOR_NAME = AccentColor;
				ASSETCATALOG_COMPILER_INCLUDE_ALL_APPICON_ASSETS = NO;
				CODE_SIGN_ENTITLEMENTS = Notedown/Notedown.entitlements;
				CODE_SIGN_STYLE = Automatic;
				COMBINE_HIDPI_IMAGES = YES;
				CURRENT_PROJECT_VERSION = 1;
				DEVELOPMENT_ASSET_PATHS = "\"Notedown/Preview Content\"";
				DEVELOPMENT_TEAM = F9595A9E2N;
				ENABLE_HARDENED_RUNTIME = YES;
				ENABLE_PREVIEWS = YES;
				GENERATE_INFOPLIST_FILE = YES;
				INFOPLIST_FILE = Notedown/Info.plist;
				INFOPLIST_KEY_NSHumanReadableCopyright = "";
				LD_RUNPATH_SEARCH_PATHS = (
					"$(inherited)",
					"@executable_path/../Frameworks",
				);
				MARKETING_VERSION = 1.0;
				PRODUCT_BUNDLE_IDENTIFIER = com.byteduck.Notedown;
				PRODUCT_NAME = "$(TARGET_NAME)";
				SWIFT_EMIT_LOC_STRINGS = YES;
				SWIFT_VERSION = 5.0;
			};
			name = Debug;
		};
		930978A029DDFE5700A77EA3 /* Release */ = {
			isa = XCBuildConfiguration;
			buildSettings = {
				ASSETCATALOG_COMPILER_APPICON_NAME = AppIcon;
				"ASSETCATALOG_COMPILER_APPICON_NAME[sdk=macosx*]" = AppIcon;
				ASSETCATALOG_COMPILER_GLOBAL_ACCENT_COLOR_NAME = AccentColor;
				ASSETCATALOG_COMPILER_INCLUDE_ALL_APPICON_ASSETS = NO;
				CODE_SIGN_ENTITLEMENTS = Notedown/Notedown.entitlements;
				CODE_SIGN_STYLE = Automatic;
				COMBINE_HIDPI_IMAGES = YES;
				CURRENT_PROJECT_VERSION = 1;
				DEVELOPMENT_ASSET_PATHS = "\"Notedown/Preview Content\"";
				DEVELOPMENT_TEAM = F9595A9E2N;
				ENABLE_HARDENED_RUNTIME = YES;
				ENABLE_PREVIEWS = YES;
				GENERATE_INFOPLIST_FILE = YES;
				INFOPLIST_FILE = Notedown/Info.plist;
				INFOPLIST_KEY_NSHumanReadableCopyright = "";
				LD_RUNPATH_SEARCH_PATHS = (
					"$(inherited)",
					"@executable_path/../Frameworks",
				);
				MARKETING_VERSION = 1.0;
				PRODUCT_BUNDLE_IDENTIFIER = com.byteduck.Notedown;
				PRODUCT_NAME = "$(TARGET_NAME)";
				SWIFT_EMIT_LOC_STRINGS = YES;
				SWIFT_VERSION = 5.0;
			};
			name = Release;
		};
/* End XCBuildConfiguration section */

/* Begin XCConfigurationList section */
		9309788729DDFE5700A77EA3 /* Build configuration list for PBXProject "Notedown" */ = {
			isa = XCConfigurationList;
			buildConfigurations = (
				9309789C29DDFE5700A77EA3 /* Debug */,
				9309789D29DDFE5700A77EA3 /* Release */,
			);
			defaultConfigurationIsVisible = 0;
			defaultConfigurationName = Release;
		};
		9309789E29DDFE5700A77EA3 /* Build configuration list for PBXNativeTarget "Notedown" */ = {
			isa = XCConfigurationList;
			buildConfigurations = (
				9309789F29DDFE5700A77EA3 /* Debug */,
				930978A029DDFE5700A77EA3 /* Release */,
			);
			defaultConfigurationIsVisible = 0;
			defaultConfigurationName = Release;
		};
/* End XCConfigurationList section */

/* Begin XCRemoteSwiftPackageReference section */
		933F57722A041A9700B02A99 /* XCRemoteSwiftPackageReference "MathJaxSwift" */ = {
			isa = XCRemoteSwiftPackageReference;
			repositoryURL = "https://github.com/colinc86/MathJaxSwift";
			requirement = {
				branch = main;
				kind = branch;
			};
		};
/* End XCRemoteSwiftPackageReference section */

/* Begin XCSwiftPackageProductDependency section */
		933F57732A041A9700B02A99 /* MathJaxSwift */ = {
			isa = XCSwiftPackageProductDependency;
			package = 933F57722A041A9700B02A99 /* XCRemoteSwiftPackageReference "MathJaxSwift" */;
			productName = MathJaxSwift;
		};
/* End XCSwiftPackageProductDependency section */
	};
	rootObject = 9309788429DDFE5700A77EA3 /* Project object */;
}
